
Microsoft Visual Studio Solution File, Format Version 12.00
# Visual Studio Version 17
VisualStudioVersion = 17.14.37411.7
MinimumVisualStudioVersion = 10.0.40219.1
Project("{FAE04EC0-301F-11D3-BF4B-00C04F79EFBC}") = "ModeloDominio", "ModeloDominio\ModeloDominio.csproj", "{241B919F-F646-44FF-83B1-4D92255985CD}"
EndProject
Project("{FAE04EC0-301F-11D3-BF4B-00C04F79EFBC}") = "WebAPI", "WebAPI\WebAPI.csproj", "{1C1E1553-74A4-45B3-ACD4-7613F95503A7}"
EndProject
Project("{FAE04EC0-301F-11D3-BF4B-00C04F79EFBC}") = "DTOs", "DTOs\DTOs.csproj", "{69E38CD8-A162-4CC2-A6F2-3876C1964A08}"
EndProject
Project("{FAE04EC0-301F-11D3-BF4B-00C04F79EFBC}") = "Data", "Data\Data.csproj", "{55BD4282-81FF-4C3B-8603-69AC3B2F96D2}"
EndProject
Project("{FAE04EC0-301F-11D3-BF4B-00C04F79EFBC}") = "Servicios", "Servicios\Servicios.csproj", "{4C22EE45-B277-4F5F-A8A8-12E0509C20A2}"
EndProject
Project("{FAE04EC0-301F-11D3-BF4B-00C04F79EFBC}") = "WindowsForms", "WindowsForms\WindowsForms.csproj", "{4F1E18F7-C9BC-43F5-B6CF-1B48C0231EA7}"
EndProject
Global
	GlobalSection(SolutionConfigurationPlatforms) = preSolution
		Debug|Any CPU = Debug|Any CPU
		Release|Any CPU = Release|Any CPU
	EndGlobalSection
	GlobalSection(ProjectConfigurationPlatforms) = postSolution
		{241B919F-F646-44FF-83B1-4D92255985CD}.Debug|Any CPU.ActiveCfg = Debug|Any CPU
		{241B919F-F646-44FF-83B1-4D92255985CD}.Debug|Any CPU.Build.0 = Debug|Any CPU
		{241B919F-F646-44FF-83B1-4D92255985CD}.Release|Any CPU.ActiveCfg = Release|Any CPU
		{241B919F-F646-44FF-83B1-4D92255985CD}.Release|Any CPU.Build.0 = Release|Any CPU
		{1C1E1553-74A4-45B3-ACD4-7613F95503A7}.Debug|Any CPU.ActiveCfg = Debug|Any CPU
		{1C1E1553-74A4-45B3-ACD4-7613F95503A7}.Debug|Any CPU.Build.0 = Debug|Any CPU
		{1C1E1553-74A4-45B3-ACD4-7613F95503A7}.Release|Any CPU.ActiveCfg = Release|Any CPU
		{1C1E1553-74A4-45B3-ACD4-7613F95503A7}.Release|Any CPU.Build.0 = Release|Any CPU
		{69E38CD8-A162-4CC2-A6F2-3876C1964A08}.Debug|Any CPU.ActiveCfg = Debug|Any CPU
		{69E38CD8-A162-4CC2-A6F2-3876C1964A08}.Debug|Any CPU.Build.0 = Debug|Any CPU
		{69E38CD8-A162-4CC2-A6F2-3876C1964A08}.Release|Any CPU.ActiveCfg = Release|Any CPU
		{69E38CD8-A162-4CC2-A6F2-3876C1964A08}.Release|Any CPU.Build.0 = Release|Any CPU
		{55BD4282-81FF-4C3B-8603-69AC3B2F96D2}.Debug|Any CPU.ActiveCfg = Debug|Any CPU
		{55BD4282-81FF-4C3B-8603-69AC3B2F96D2}.Debug|Any CPU.Build.0 = Debug|Any CPU
		{55BD4282-81FF-4C3B-8603-69AC3B2F96D2}.Release|Any CPU.ActiveCfg = Release|Any CPU
		{55BD4282-81FF-4C3B-8603-69AC3B2F96D2}.Release|Any CPU.Build.0 = Release|Any CPU
		{4C22EE45-B277-4F5F-A8A8-12E0509C20A2}.Debug|Any CPU.ActiveCfg = Debug|Any CPU
		{4C22EE45-B277-4F5F-A8A8-12E0509C20A2}.Debug|Any CPU.Build.0 = Debug|Any CPU
		{4C22EE45-B277-4F5F-A8A8-12E0509C20A2}.Release|Any CPU.ActiveCfg = Release|Any CPU
		{4C22EE45-B277-4F5F-A8A8-12E0509C20A2}.Release|Any CPU.Build.0 = Release|Any CPU
		{4F1E18F7-C9BC-43F5-B6CF-1B48C0231EA7}.Debug|Any CPU.ActiveCfg = Debug|Any CPU
		{4F1E18F7-C9BC-43F5-B6CF-1B48C0231EA7}.Debug|Any CPU.Build.0 = Debug|Any CPU
		{4F1E18F7-C9BC-43F5-B6CF-1B48C0231EA7}.Release|Any CPU.ActiveCfg = Release|Any CPU
		{4F1E18F7-C9BC-43F5-B6CF-1B48C0231EA7}.Release|Any CPU.Build.0 = Release|Any CPU
	EndGlobalSection
	GlobalSection(SolutionProperties) = preSolution
		HideSolutionNode = FALSE
	EndGlobalSection
	GlobalSection(ExtensibilityGlobals) = postSolution
		SolutionGuid = {3DC7FE64-02DD-4939-B71F-A740437C61DB}
	EndGlobalSection
EndGlobal
